
Microsoft Visual Studio Solution File, Format Version 12.00
# Visual Studio Version 16
VisualStudioVersion = 16.0.30225.117
MinimumVisualStudioVersion = 10.0.40219.1
Project("{2150E333-8FDC-42A3-9474-1A3956D46DE8}") = "src", "src", "{E95FF718-1391-4338-91C1-103D610A9E57}"
EndProject
Project("{FAE04EC0-301F-11D3-BF4B-00C04F79EFBC}") = "Pdf.Generator", "src\Pdf.Generator\Pdf.Generator.csproj", "{59FF107E-5FEC-4F52-9EEB-6D0740F982D8}"
EndProject
Global
	GlobalSection(SolutionConfigurationPlatforms) = preSolution
		Debug|Any CPU = Debug|Any CPU
		Release|Any CPU = Release|Any CPU
	EndGlobalSection
	GlobalSection(ProjectConfigurationPlatforms) = postSolution
		{59FF107E-5FEC-4F52-9EEB-6D0740F982D8}.Debug|Any CPU.ActiveCfg = Debug|Any CPU
		{59FF107E-5FEC-4F52-9EEB-6D0740F982D8}.Debug|Any CPU.Build.0 = Debug|Any CPU
		{59FF107E-5FEC-4F52-9EEB-6D0740F982D8}.Release|Any CPU.ActiveCfg = Release|Any CPU
		{59FF107E-5FEC-4F52-9EEB-6D0740F982D8}.Release|Any CPU.Build.0 = Release|Any CPU
	EndGlobalSection
	GlobalSection(SolutionProperties) = preSolution
		HideSolutionNode = FALSE
	EndGlobalSection
	GlobalSection(NestedProjects) = preSolution
		{59FF107E-5FEC-4F52-9EEB-6D0740F982D8} = {E95FF718-1391-4338-91C1-103D610A9E57}
	EndGlobalSection
	GlobalSection(ExtensibilityGlobals) = postSolution
		SolutionGuid = {F1E6ABFB-B325-487B-9754-2072E63F15B9}
	EndGlobalSection
EndGlobal
